# THIS IS AN AUTOGENERATED FILE. DO NOT EDIT THIS FILE DIRECTLY.
# yarn lockfile v1
amdefine@>=0.0.4:
  version "1.0.0"
  resolved "https://registry.yarnpkg.com/amdefine/-/amdefine-1.0.0.tgz#fd17474700cb5cc9c2b709f0be9d23ce3c198c33"

clean-css@^3.4.9:
  version "3.4.20"
  resolved "https://registry.yarnpkg.com/clean-css/-/clean-css-3.4.20.tgz#c0d8963b5448e030f0bcd3ddd0dac4dfe3dea501"
  dependencies:
    commander "2.8.x"
    source-map "0.4.x"

commander@2.8.x:
  version "2.8.1"
  resolved "https://registry.yarnpkg.com/commander/-/commander-2.8.1.tgz#06be367febfda0c330aa1e2a072d3dc9762425d4"
  dependencies:
    graceful-readlink ">= 1.0.0"

"graceful-readlink@>= 1.0.0":
  version "1.0.1"
  resolved "https://registry.yarnpkg.com/graceful-readlink/-/graceful-readlink-1.0.1.tgz#4cafad76bc62f02fa039b2f94e9a3dd3a391a725"

source-map@0.4.x:
  version "0.4.4"
  resolved "https://registry.yarnpkg.com/source-map/-/source-map-0.4.4.tgz#eba4f5da9c0dc999de68032d8b4f76173652036b"
  dependencies:
    amdefine ">=0.0.4"

